
Microsoft Visual Studio Solution File, Format Version 12.00
# Visual Studio Version 16
VisualStudioVersion = 16.0.29709.97
MinimumVisualStudioVersion = 10.0.40219.1
Project("{FAE04EC0-301F-11D3-BF4B-00C04F79EFBC}") = "PraticasWEBAPI", "PraticasWEBAPI\PraticasWEBAPI.csproj", "{AE8C3D3E-C249-4F75-BC33-49DF0FCA3D6B}"
EndProject
Global
	GlobalSection(SolutionConfigurationPlatforms) = preSolution
		Debug|Any CPU = Debug|Any CPU
		Release|Any CPU = Release|Any CPU
	EndGlobalSection
	GlobalSection(ProjectConfigurationPlatforms) = postSolution
		{AE8C3D3E-C249-4F75-BC33-49DF0FCA3D6B}.Debug|Any CPU.ActiveCfg = Debug|Any CPU
		{AE8C3D3E-C249-4F75-BC33-49DF0FCA3D6B}.Debug|Any CPU.Build.0 = Debug|Any CPU
		{AE8C3D3E-C249-4F75-BC33-49DF0FCA3D6B}.Release|Any CPU.ActiveCfg = Release|Any CPU
		{AE8C3D3E-C249-4F75-BC33-49DF0FCA3D6B}.Release|Any CPU.Build.0 = Release|Any CPU
	EndGlobalSection
	GlobalSection(SolutionProperties) = preSolution
		HideSolutionNode = FALSE
	EndGlobalSection
	GlobalSection(ExtensibilityGlobals) = postSolution
		SolutionGuid = {C134387C-D222-4BD2-93C1-4D4CC8FB277B}
	EndGlobalSection
EndGlobal
